
Microsoft Visual Studio Solution File, Format Version 12.00
# Visual Studio 15
VisualStudioVersion = 15.0.27130.2036
MinimumVisualStudioVersion = 10.0.40219.1
Project("{FAE04EC0-301F-11D3-BF4B-00C04F79EFBC}") = "AgGridDemo", "AgGridDemo\AgGridDemo.csproj", "{E559E54E-A883-4B73-A2ED-F64871908486}"
EndProject
Global
	GlobalSection(SolutionConfigurationPlatforms) = preSolution
		Debug|Any CPU = Debug|Any CPU
		Release|Any CPU = Release|Any CPU
	EndGlobalSection
	GlobalSection(ProjectConfigurationPlatforms) = postSolution
		{E559E54E-A883-4B73-A2ED-F64871908486}.Debug|Any CPU.ActiveCfg = Debug|Any CPU
		{E559E54E-A883-4B73-A2ED-F64871908486}.Debug|Any CPU.Build.0 = Debug|Any CPU
		{E559E54E-A883-4B73-A2ED-F64871908486}.Release|Any CPU.ActiveCfg = Release|Any CPU
		{E559E54E-A883-4B73-A2ED-F64871908486}.Release|Any CPU.Build.0 = Release|Any CPU
	EndGlobalSection
	GlobalSection(SolutionProperties) = preSolution
		HideSolutionNode = FALSE
	EndGlobalSection
	GlobalSection(ExtensibilityGlobals) = postSolution
		SolutionGuid = {4A4D71F1-8937-467F-9490-48DFE32E327F}
	EndGlobalSection
EndGlobal
